// !$*UTF8*$!
{
	archiveVersion = 1;
	classes = {
	};
	objectVersion = 46;
	objects = {

/* Begin PBXBuildFile section */
		00E356F31AD99517003FC87E /* clientTests.m in Sources */ = {isa = PBXBuildFile; fileRef = 00E356F21AD99517003FC87E /* clientTests.m */; };
		0A69F3D0B6502C77964653AA /* libPods-client-tvOS.a in Frameworks */ = {isa = PBXBuildFile; fileRef = 8C2F8662031E611D29F2264C /* libPods-client-tvOS.a */; };
		13B07FBC1A68108700A75B9A /* AppDelegate.m in Sources */ = {isa = PBXBuildFile; fileRef = 13B07FB01A68108700A75B9A /* AppDelegate.m */; };
		13B07FBF1A68108700A75B9A /* Images.xcassets in Resources */ = {isa = PBXBuildFile; fileRef = 13B07FB51A68108700A75B9A /* Images.xcassets */; };
		13B07FC11A68108700A75B9A /* main.m in Sources */ = {isa = PBXBuildFile; fileRef = 13B07FB71A68108700A75B9A /* main.m */; };
		2D02E4BC1E0B4A80006451C7 /* AppDelegate.m in Sources */ = {isa = PBXBuildFile; fileRef = 13B07FB01A68108700A75B9A /* AppDelegate.m */; };
		2D02E4BD1E0B4A84006451C7 /* Images.xcassets in Resources */ = {isa = PBXBuildFile; fileRef = 13B07FB51A68108700A75B9A /* Images.xcassets */; };
		2D02E4BF1E0B4AB3006451C7 /* main.m in Sources */ = {isa = PBXBuildFile; fileRef = 13B07FB71A68108700A75B9A /* main.m */; };
		2DCD954D1E0B4F2C00145EB5 /* clientTests.m in Sources */ = {isa = PBXBuildFile; fileRef = 00E356F21AD99517003FC87E /* clientTests.m */; };
		6F771D04E1448B44C5FA6A9D /* libPods-client-clientTests.a in Frameworks */ = {isa = PBXBuildFile; fileRef = 408E92AC1F713FA4EEBB7216 /* libPods-client-clientTests.a */; };
		81AB9BB82411601600AC10FF /* LaunchScreen.storyboard in Resources */ = {isa = PBXBuildFile; fileRef = 81AB9BB72411601600AC10FF /* LaunchScreen.storyboard */; };
		DC478DA163B28FA6DD7A5540 /* libPods-client.a in Frameworks */ = {isa = PBXBuildFile; fileRef = C3FA24B60B1CAE6A769B29A8 /* libPods-client.a */; };
		EC1049BF8A95DDF0C0A5D57E /* libPods-client-tvOSTests.a in Frameworks */ = {isa = PBXBuildFile; fileRef = 7DA65EF2601F21F5C3134618 /* libPods-client-tvOSTests.a */; };
		85BC897A22714251B9CEF3A9 /* SF-Pro-Text-Black.otf in Resources */ = {isa = PBXBuildFile; fileRef = 98AA76F1B4A8466AA938FF92 /* SF-Pro-Text-Black.otf */; };
		07DB54DFFC3F4C77BF364FE3 /* SF-Pro-Text-BlackItalic.otf in Resources */ = {isa = PBXBuildFile; fileRef = 99FFB1FBF6DD4DA79FAFAA55 /* SF-Pro-Text-BlackItalic.otf */; };
		086CE04E97A1411FB030D6C3 /* SF-Pro-Text-Bold.otf in Resources */ = {isa = PBXBuildFile; fileRef = E14A0FBC6A284D2D90DAB8B7 /* SF-Pro-Text-Bold.otf */; };
		ED129C41A9734C0197342EF3 /* SF-Pro-Text-BoldItalic.otf in Resources */ = {isa = PBXBuildFile; fileRef = D1288F8BC5204147AE451F50 /* SF-Pro-Text-BoldItalic.otf */; };
		B5364DFC86FA4D529D9D284E /* SF-Pro-Text-Heavy.otf in Resources */ = {isa = PBXBuildFile; fileRef = 65272E5F256A429CADCB28BF /* SF-Pro-Text-Heavy.otf */; };
		572F8BBCD7A545179DEC9BC7 /* SF-Pro-Text-HeavyItalic.otf in Resources */ = {isa = PBXBuildFile; fileRef = 0C45357248434B089594321C /* SF-Pro-Text-HeavyItalic.otf */; };
		DCC29222F5CC461B81EA5674 /* SF-Pro-Text-Light.otf in Resources */ = {isa = PBXBuildFile; fileRef = 0343F54911294F3087CB88CF /* SF-Pro-Text-Light.otf */; };
		AF2BF3B63D5645E6B5B7611B /* SF-Pro-Text-LightItalic.otf in Resources */ = {isa = PBXBuildFile; fileRef = 01407F7177E043A99E7287EB /* SF-Pro-Text-LightItalic.otf */; };
		07EE813496C84CB28BF75FFA /* SF-Pro-Text-Medium.otf in Resources */ = {isa = PBXBuildFile; fileRef = 83D8E0AA7D714B16B6898936 /* SF-Pro-Text-Medium.otf */; };
		76BD6AFC04494B3DA0B9567D /* SF-Pro-Text-MediumItalic.otf in Resources */ = {isa = PBXBuildFile; fileRef = CDF24DDC166843A79FF24273 /* SF-Pro-Text-MediumItalic.otf */; };
		5E1C1D92D4B44C8FACF0C2DC /* SF-Pro-Text-Regular.otf in Resources */ = {isa = PBXBuildFile; fileRef = 6B876FD81BFB45DAB3A5004D /* SF-Pro-Text-Regular.otf */; };
		FF8E1A41949E4E228AB165C2 /* SF-Pro-Text-RegularItalic.otf in Resources */ = {isa = PBXBuildFile; fileRef = 734D232CD17E475B9365D256 /* SF-Pro-Text-RegularItalic.otf */; };
		615FE6AC60A745C081BC5DB7 /* SF-Pro-Text-Semibold.otf in Resources */ = {isa = PBXBuildFile; fileRef = 8EF58FB5A97E4DDD9A5BC4B3 /* SF-Pro-Text-Semibold.otf */; };
		DEE8DD20A9854BF8ACCA4AD9 /* SF-Pro-Text-SemiboldItalic.otf in Resources */ = {isa = PBXBuildFile; fileRef = 66F3E8A7896F493CB64603B8 /* SF-Pro-Text-SemiboldItalic.otf */; };
		9F732587AEFF4BD882C5B8FD /* SF-Pro-Text-Thin.otf in Resources */ = {isa = PBXBuildFile; fileRef = F1433C12237E4F0E8B7811F7 /* SF-Pro-Text-Thin.otf */; };
		748A7BE8438E44BFB455B082 /* SF-Pro-Text-ThinItalic.otf in Resources */ = {isa = PBXBuildFile; fileRef = 5CC595E037FA41D58849D4FF /* SF-Pro-Text-ThinItalic.otf */; };
		5244842AD86C41B4B10EDF79 /* SF-Pro-Text-Ultralight.otf in Resources */ = {isa = PBXBuildFile; fileRef = AAB1FAFC351C4B5FA647F152 /* SF-Pro-Text-Ultralight.otf */; };
		289D33FA09DF44D3BFF5960E /* SF-Pro-Text-UltralightItalic.otf in Resources */ = {isa = PBXBuildFile; fileRef = 5EA90F17793041748B227967 /* SF-Pro-Text-UltralightItalic.otf */; };
		75C59E5617ED4C65B05A789B /* AntDesign.ttf in Resources */ = {isa = PBXBuildFile; fileRef = 2812C9E9DF374CF9A3489C56 /* AntDesign.ttf */; };
		1E2D55950FA046C2A921FFAB /* Entypo.ttf in Resources */ = {isa = PBXBuildFile; fileRef = 7E500C21649C44D9A4EED66B /* Entypo.ttf */; };
		DC541A145E904A58B3148B96 /* EvilIcons.ttf in Resources */ = {isa = PBXBuildFile; fileRef = 7F92C69FBF9D4C4199A39074 /* EvilIcons.ttf */; };
		F9C60E1FF0374BE7BAEC008A /* Feather.ttf in Resources */ = {isa = PBXBuildFile; fileRef = 83BBE26DC0114D0A8523F67B /* Feather.ttf */; };
		2529EAC38E4346CF9165F76B /* FontAwesome.ttf in Resources */ = {isa = PBXBuildFile; fileRef = FFBF52987DEE4F7DBFF10FBE /* FontAwesome.ttf */; };
		5ED2B0C5FE7F47F887AA22B1 /* FontAwesome5_Brands.ttf in Resources */ = {isa = PBXBuildFile; fileRef = 27C19DCC2724413DBD5777F9 /* FontAwesome5_Brands.ttf */; };
		1E4D8F9581C24F0098EF9665 /* FontAwesome5_Regular.ttf in Resources */ = {isa = PBXBuildFile; fileRef = 74C1F1AC6DC247909EB00EA6 /* FontAwesome5_Regular.ttf */; };
		854F7A4BC0C646B7A6C4DD1A /* FontAwesome5_Solid.ttf in Resources */ = {isa = PBXBuildFile; fileRef = A11D9AD774F64749BB2B6A4B /* FontAwesome5_Solid.ttf */; };
		5C9E25C5274F497E869137F6 /* Fontisto.ttf in Resources */ = {isa = PBXBuildFile; fileRef = 56899D3F35A24F138078A0AD /* Fontisto.ttf */; };
		0DB4EB764AB541168C086336 /* Foundation.ttf in Resources */ = {isa = PBXBuildFile; fileRef = 40226853DBF24C379CD7C7F1 /* Foundation.ttf */; };
		63A4FA05CB354489A253B7E4 /* Ionicons.ttf in Resources */ = {isa = PBXBuildFile; fileRef = B983D71852B84C6396FC99FA /* Ionicons.ttf */; };
		6C27DD2656764851BE45C790 /* MaterialCommunityIcons.ttf in Resources */ = {isa = PBXBuildFile; fileRef = 92315A21733F42E3B142CCDC /* MaterialCommunityIcons.ttf */; };
		B5B41DE4A4124C37A95CB80E /* MaterialIcons.ttf in Resources */ = {isa = PBXBuildFile; fileRef = ADCB3FB19D6F4686A52DA382 /* MaterialIcons.ttf */; };
		3B54985D21A144E2905DAE36 /* Octicons.ttf in Resources */ = {isa = PBXBuildFile; fileRef = 81766A54063341D7B22B4790 /* Octicons.ttf */; };
		AB6E569E79FF462989025D69 /* Roboto_medium.ttf in Resources */ = {isa = PBXBuildFile; fileRef = 10B4371D08F84823B5A9864C /* Roboto_medium.ttf */; };
		210A27B250FF4025B121AB02 /* Roboto.ttf in Resources */ = {isa = PBXBuildFile; fileRef = 0F73CE0255244CB38955F392 /* Roboto.ttf */; };
		D1BB1D41ECC94D08A6800473 /* rubicon-icon-font.ttf in Resources */ = {isa = PBXBuildFile; fileRef = D5367DD5A379432495D5BA04 /* rubicon-icon-font.ttf */; };
		F86DF27E6E664F44BF96D1FF /* SimpleLineIcons.ttf in Resources */ = {isa = PBXBuildFile; fileRef = A13EF2DFE2BB434DBB2496CA /* SimpleLineIcons.ttf */; };
		C3EA9E71101845D280A97767 /* Zocial.ttf in Resources */ = {isa = PBXBuildFile; fileRef = 262BED8B75034FB9A6B5CCE6 /* Zocial.ttf */; };
		BC58D065C1574ABE8E0325C1 /* SF-Pro.ttf in Resources */ = {isa = PBXBuildFile; fileRef = 63D82FB919E24119AEEEF062 /* SF-Pro.ttf */; };
		F7F6AE760A184A8C8A3379F6 /* SF Pro.ttf in Resources */ = {isa = PBXBuildFile; fileRef = 5EC5229FCA2C4C7EA448FD25 /* SF Pro.ttf */; };
		759B4581D32546D293C356A1 /* SF-Pro-Display-Bold.otf in Resources */ = {isa = PBXBuildFile; fileRef = 11B84B3431D7435B985EE891 /* SF-Pro-Display-Bold.otf */; };
		6FD307440F7340C4A1278455 /* SF Pro Display Bold.otf in Resources */ = {isa = PBXBuildFile; fileRef = 1749FA79B84F47C8938B5BE0 /* SF Pro Display Bold.otf */; };
		118D5B7B03B7413588C90B82 /* SF Pro Text Medium.otf in Resources */ = {isa = PBXBuildFile; fileRef = 35A43160DD4146B5A2C42F37 /* SF Pro Text Medium.otf */; };
		F32E248B9D274B89B8C8A066 /* SF Pro Text Regular.otf in Resources */ = {isa = PBXBuildFile; fileRef = AA6218F897E84A509BCCEECF /* SF Pro Text Regular.otf */; };
/* End PBXBuildFile section */

/* Begin PBXContainerItemProxy section */
		00E356F41AD99517003FC87E /* PBXContainerItemProxy */ = {
			isa = PBXContainerItemProxy;
			containerPortal = 83CBB9F71A601CBA00E9B192 /* Project object */;
			proxyType = 1;
			remoteGlobalIDString = 13B07F861A680F5B00A75B9A;
			remoteInfo = client;
		};
		2D02E4911E0B4A5D006451C7 /* PBXContainerItemProxy */ = {
			isa = PBXContainerItemProxy;
			containerPortal = 83CBB9F71A601CBA00E9B192 /* Project object */;
			proxyType = 1;
			remoteGlobalIDString = 2D02E47A1E0B4A5D006451C7;
			remoteInfo = "client-tvOS";
		};
/* End PBXContainerItemProxy section */

/* Begin PBXFileReference section */
		008F07F21AC5B25A0029DE68 /* main.jsbundle */ = {isa = PBXFileReference; fileEncoding = 4; lastKnownFileType = text; path = main.jsbundle; sourceTree = "<group>"; };
		00E356EE1AD99517003FC87E /* clientTests.xctest */ = {isa = PBXFileReference; explicitFileType = wrapper.cfbundle; includeInIndex = 0; path = clientTests.xctest; sourceTree = BUILT_PRODUCTS_DIR; };
		00E356F11AD99517003FC87E /* Info.plist */ = {isa = PBXFileReference; lastKnownFileType = text.plist.xml; path = Info.plist; sourceTree = "<group>"; };
		00E356F21AD99517003FC87E /* clientTests.m */ = {isa = PBXFileReference; lastKnownFileType = sourcecode.c.objc; path = clientTests.m; sourceTree = "<group>"; };
		13B07F961A680F5B00A75B9A /* client.app */ = {isa = PBXFileReference; explicitFileType = wrapper.application; includeInIndex = 0; path = client.app; sourceTree = BUILT_PRODUCTS_DIR; };
		13B07FAF1A68108700A75B9A /* AppDelegate.h */ = {isa = PBXFileReference; fileEncoding = 4; lastKnownFileType = sourcecode.c.h; name = AppDelegate.h; path = client/AppDelegate.h; sourceTree = "<group>"; };
		13B07FB01A68108700A75B9A /* AppDelegate.m */ = {isa = PBXFileReference; fileEncoding = 4; lastKnownFileType = sourcecode.c.objc; name = AppDelegate.m; path = client/AppDelegate.m; sourceTree = "<group>"; };
		13B07FB51A68108700A75B9A /* Images.xcassets */ = {isa = PBXFileReference; lastKnownFileType = folder.assetcatalog; name = Images.xcassets; path = client/Images.xcassets; sourceTree = "<group>"; };
		13B07FB61A68108700A75B9A /* Info.plist */ = {isa = PBXFileReference; fileEncoding = 4; lastKnownFileType = text.plist.xml; name = Info.plist; path = client/Info.plist; sourceTree = "<group>"; };
		13B07FB71A68108700A75B9A /* main.m */ = {isa = PBXFileReference; fileEncoding = 4; lastKnownFileType = sourcecode.c.objc; name = main.m; path = client/main.m; sourceTree = "<group>"; };
		2A093D524ECB9E53455746E7 /* Pods-client-tvOSTests.debug.xcconfig */ = {isa = PBXFileReference; includeInIndex = 1; lastKnownFileType = text.xcconfig; name = "Pods-client-tvOSTests.debug.xcconfig"; path = "Target Support Files/Pods-client-tvOSTests/Pods-client-tvOSTests.debug.xcconfig"; sourceTree = "<group>"; };
		2D02E47B1E0B4A5D006451C7 /* client-tvOS.app */ = {isa = PBXFileReference; explicitFileType = wrapper.application; includeInIndex = 0; path = "client-tvOS.app"; sourceTree = BUILT_PRODUCTS_DIR; };
		2D02E4901E0B4A5D006451C7 /* client-tvOSTests.xctest */ = {isa = PBXFileReference; explicitFileType = wrapper.cfbundle; includeInIndex = 0; path = "client-tvOSTests.xctest"; sourceTree = BUILT_PRODUCTS_DIR; };
		2E8815A99BBFA521D2326007 /* Pods-client.debug.xcconfig */ = {isa = PBXFileReference; includeInIndex = 1; lastKnownFileType = text.xcconfig; name = "Pods-client.debug.xcconfig"; path = "Target Support Files/Pods-client/Pods-client.debug.xcconfig"; sourceTree = "<group>"; };
		408E92AC1F713FA4EEBB7216 /* libPods-client-clientTests.a */ = {isa = PBXFileReference; explicitFileType = archive.ar; includeInIndex = 0; path = "libPods-client-clientTests.a"; sourceTree = BUILT_PRODUCTS_DIR; };
		45169ED70210E795C5F5020E /* Pods-client.release.xcconfig */ = {isa = PBXFileReference; includeInIndex = 1; lastKnownFileType = text.xcconfig; name = "Pods-client.release.xcconfig"; path = "Target Support Files/Pods-client/Pods-client.release.xcconfig"; sourceTree = "<group>"; };
		45C30CA3231EF4BDE05A0178 /* Pods-client-clientTests.debug.xcconfig */ = {isa = PBXFileReference; includeInIndex = 1; lastKnownFileType = text.xcconfig; name = "Pods-client-clientTests.debug.xcconfig"; path = "Target Support Files/Pods-client-clientTests/Pods-client-clientTests.debug.xcconfig"; sourceTree = "<group>"; };
		4C7076BF37C3ABB75C017CF8 /* Pods-client-tvOS.debug.xcconfig */ = {isa = PBXFileReference; includeInIndex = 1; lastKnownFileType = text.xcconfig; name = "Pods-client-tvOS.debug.xcconfig"; path = "Target Support Files/Pods-client-tvOS/Pods-client-tvOS.debug.xcconfig"; sourceTree = "<group>"; };
		78A8CB7826EA499F0D374405 /* Pods-client-clientTests.release.xcconfig */ = {isa = PBXFileReference; includeInIndex = 1; lastKnownFileType = text.xcconfig; name = "Pods-client-clientTests.release.xcconfig"; path = "Target Support Files/Pods-client-clientTests/Pods-client-clientTests.release.xcconfig"; sourceTree = "<group>"; };
		7DA65EF2601F21F5C3134618 /* libPods-client-tvOSTests.a */ = {isa = PBXFileReference; explicitFileType = archive.ar; includeInIndex = 0; path = "libPods-client-tvOSTests.a"; sourceTree = BUILT_PRODUCTS_DIR; };
		81AB9BB72411601600AC10FF /* LaunchScreen.storyboard */ = {isa = PBXFileReference; fileEncoding = 4; lastKnownFileType = file.storyboard; name = LaunchScreen.storyboard; path = client/LaunchScreen.storyboard; sourceTree = "<group>"; };
		8C2F8662031E611D29F2264C /* libPods-client-tvOS.a */ = {isa = PBXFileReference; explicitFileType = archive.ar; includeInIndex = 0; path = "libPods-client-tvOS.a"; sourceTree = BUILT_PRODUCTS_DIR; };
		A2C01CE9B1ED75986181605D /* Pods-client-tvOSTests.release.xcconfig */ = {isa = PBXFileReference; includeInIndex = 1; lastKnownFileType = text.xcconfig; name = "Pods-client-tvOSTests.release.xcconfig"; path = "Target Support Files/Pods-client-tvOSTests/Pods-client-tvOSTests.release.xcconfig"; sourceTree = "<group>"; };
		C3FA24B60B1CAE6A769B29A8 /* libPods-client.a */ = {isa = PBXFileReference; explicitFileType = archive.ar; includeInIndex = 0; path = "libPods-client.a"; sourceTree = BUILT_PRODUCTS_DIR; };
		D46BA24F41FF72EABBAC9C67 /* Pods-client-tvOS.release.xcconfig */ = {isa = PBXFileReference; includeInIndex = 1; lastKnownFileType = text.xcconfig; name = "Pods-client-tvOS.release.xcconfig"; path = "Target Support Files/Pods-client-tvOS/Pods-client-tvOS.release.xcconfig"; sourceTree = "<group>"; };
		ED297162215061F000B7C4FE /* JavaScriptCore.framework */ = {isa = PBXFileReference; lastKnownFileType = wrapper.framework; name = JavaScriptCore.framework; path = System/Library/Frameworks/JavaScriptCore.framework; sourceTree = SDKROOT; };
		ED2971642150620600B7C4FE /* JavaScriptCore.framework */ = {isa = PBXFileReference; lastKnownFileType = wrapper.framework; name = JavaScriptCore.framework; path = Platforms/AppleTVOS.platform/Developer/SDKs/AppleTVOS12.0.sdk/System/Library/Frameworks/JavaScriptCore.framework; sourceTree = DEVELOPER_DIR; };
		98AA76F1B4A8466AA938FF92 /* SF-Pro-Text-Black.otf */ = {isa = PBXFileReference; name = "SF-Pro-Text-Black.otf"; path = "../assets/fonts/SF-Pro-Text-Black.otf"; sourceTree = "<group>"; fileEncoding = undefined; lastKnownFileType = unknown; explicitFileType = undefined; includeInIndex = 0; };
		99FFB1FBF6DD4DA79FAFAA55 /* SF-Pro-Text-BlackItalic.otf */ = {isa = PBXFileReference; name = "SF-Pro-Text-BlackItalic.otf"; path = "../assets/fonts/SF-Pro-Text-BlackItalic.otf"; sourceTree = "<group>"; fileEncoding = undefined; lastKnownFileType = unknown; explicitFileType = undefined; includeInIndex = 0; };
		E14A0FBC6A284D2D90DAB8B7 /* SF-Pro-Text-Bold.otf */ = {isa = PBXFileReference; name = "SF-Pro-Text-Bold.otf"; path = "../assets/fonts/SF-Pro-Text-Bold.otf"; sourceTree = "<group>"; fileEncoding = undefined; lastKnownFileType = unknown; explicitFileType = undefined; includeInIndex = 0; };
		D1288F8BC5204147AE451F50 /* SF-Pro-Text-BoldItalic.otf */ = {isa = PBXFileReference; name = "SF-Pro-Text-BoldItalic.otf"; path = "../assets/fonts/SF-Pro-Text-BoldItalic.otf"; sourceTree = "<group>"; fileEncoding = undefined; lastKnownFileType = unknown; explicitFileType = undefined; includeInIndex = 0; };
		65272E5F256A429CADCB28BF /* SF-Pro-Text-Heavy.otf */ = {isa = PBXFileReference; name = "SF-Pro-Text-Heavy.otf"; path = "../assets/fonts/SF-Pro-Text-Heavy.otf"; sourceTree = "<group>"; fileEncoding = undefined; lastKnownFileType = unknown; explicitFileType = undefined; includeInIndex = 0; };
		0C45357248434B089594321C /* SF-Pro-Text-HeavyItalic.otf */ = {isa = PBXFileReference; name = "SF-Pro-Text-HeavyItalic.otf"; path = "../assets/fonts/SF-Pro-Text-HeavyItalic.otf"; sourceTree = "<group>"; fileEncoding = undefined; lastKnownFileType = unknown; explicitFileType = undefined; includeInIndex = 0; };
		0343F54911294F3087CB88CF /* SF-Pro-Text-Light.otf */ = {isa = PBXFileReference; name = "SF-Pro-Text-Light.otf"; path = "../assets/fonts/SF-Pro-Text-Light.otf"; sourceTree = "<group>"; fileEncoding = undefined; lastKnownFileType = unknown; explicitFileType = undefined; includeInIndex = 0; };
		01407F7177E043A99E7287EB /* SF-Pro-Text-LightItalic.otf */ = {isa = PBXFileReference; name = "SF-Pro-Text-LightItalic.otf"; path = "../assets/fonts/SF-Pro-Text-LightItalic.otf"; sourceTree = "<group>"; fileEncoding = undefined; lastKnownFileType = unknown; explicitFileType = undefined; includeInIndex = 0; };
		83D8E0AA7D714B16B6898936 /* SF-Pro-Text-Medium.otf */ = {isa = PBXFileReference; name = "SF-Pro-Text-Medium.otf"; path = "../assets/fonts/SF-Pro-Text-Medium.otf"; sourceTree = "<group>"; fileEncoding = undefined; lastKnownFileType = unknown; explicitFileType = undefined; includeInIndex = 0; };
		CDF24DDC166843A79FF24273 /* SF-Pro-Text-MediumItalic.otf */ = {isa = PBXFileReference; name = "SF-Pro-Text-MediumItalic.otf"; path = "../assets/fonts/SF-Pro-Text-MediumItalic.otf"; sourceTree = "<group>"; fileEncoding = undefined; lastKnownFileType = unknown; explicitFileType = undefined; includeInIndex = 0; };
		6B876FD81BFB45DAB3A5004D /* SF-Pro-Text-Regular.otf */ = {isa = PBXFileReference; name = "SF-Pro-Text-Regular.otf"; path = "../assets/fonts/SF-Pro-Text-Regular.otf"; sourceTree = "<group>"; fileEncoding = undefined; lastKnownFileType = unknown; explicitFileType = undefined; includeInIndex = 0; };
		734D232CD17E475B9365D256 /* SF-Pro-Text-RegularItalic.otf */ = {isa = PBXFileReference; name = "SF-Pro-Text-RegularItalic.otf"; path = "../assets/fonts/SF-Pro-Text-RegularItalic.otf"; sourceTree = "<group>"; fileEncoding = undefined; lastKnownFileType = unknown; explicitFileType = undefined; includeInIndex = 0; };
		8EF58FB5A97E4DDD9A5BC4B3 /* SF-Pro-Text-Semibold.otf */ = {isa = PBXFileReference; name = "SF-Pro-Text-Semibold.otf"; path = "../assets/fonts/SF-Pro-Text-Semibold.otf"; sourceTree = "<group>"; fileEncoding = undefined; lastKnownFileType = unknown; explicitFileType = undefined; includeInIndex = 0; };
		66F3E8A7896F493CB64603B8 /* SF-Pro-Text-SemiboldItalic.otf */ = {isa = PBXFileReference; name = "SF-Pro-Text-SemiboldItalic.otf"; path = "../assets/fonts/SF-Pro-Text-SemiboldItalic.otf"; sourceTree = "<group>"; fileEncoding = undefined; lastKnownFileType = unknown; explicitFileType = undefined; includeInIndex = 0; };
		F1433C12237E4F0E8B7811F7 /* SF-Pro-Text-Thin.otf */ = {isa = PBXFileReference; name = "SF-Pro-Text-Thin.otf"; path = "../assets/fonts/SF-Pro-Text-Thin.otf"; sourceTree = "<group>"; fileEncoding = undefined; lastKnownFileType = unknown; explicitFileType = undefined; includeInIndex = 0; };
		5CC595E037FA41D58849D4FF /* SF-Pro-Text-ThinItalic.otf */ = {isa = PBXFileReference; name = "SF-Pro-Text-ThinItalic.otf"; path = "../assets/fonts/SF-Pro-Text-ThinItalic.otf"; sourceTree = "<group>"; fileEncoding = undefined; lastKnownFileType = unknown; explicitFileType = undefined; includeInIndex = 0; };
		AAB1FAFC351C4B5FA647F152 /* SF-Pro-Text-Ultralight.otf */ = {isa = PBXFileReference; name = "SF-Pro-Text-Ultralight.otf"; path = "../assets/fonts/SF-Pro-Text-Ultralight.otf"; sourceTree = "<group>"; fileEncoding = undefined; lastKnownFileType = unknown; explicitFileType = undefined; includeInIndex = 0; };
		5EA90F17793041748B227967 /* SF-Pro-Text-UltralightItalic.otf */ = {isa = PBXFileReference; name = "SF-Pro-Text-UltralightItalic.otf"; path = "../assets/fonts/SF-Pro-Text-UltralightItalic.otf"; sourceTree = "<group>"; fileEncoding = undefined; lastKnownFileType = unknown; explicitFileType = undefined; includeInIndex = 0; };
		2812C9E9DF374CF9A3489C56 /* AntDesign.ttf */ = {isa = PBXFileReference; name = "AntDesign.ttf"; path = "../node_modules/native-base/Fonts/AntDesign.ttf"; sourceTree = "<group>"; fileEncoding = undefined; lastKnownFileType = unknown; explicitFileType = undefined; includeInIndex = 0; };
		7E500C21649C44D9A4EED66B /* Entypo.ttf */ = {isa = PBXFileReference; name = "Entypo.ttf"; path = "../node_modules/native-base/Fonts/Entypo.ttf"; sourceTree = "<group>"; fileEncoding = undefined; lastKnownFileType = unknown; explicitFileType = undefined; includeInIndex = 0; };
		7F92C69FBF9D4C4199A39074 /* EvilIcons.ttf */ = {isa = PBXFileReference; name = "EvilIcons.ttf"; path = "../node_modules/native-base/Fonts/EvilIcons.ttf"; sourceTree = "<group>"; fileEncoding = undefined; lastKnownFileType = unknown; explicitFileType = undefined; includeInIndex = 0; };
		83BBE26DC0114D0A8523F67B /* Feather.ttf */ = {isa = PBXFileReference; name = "Feather.ttf"; path = "../node_modules/native-base/Fonts/Feather.ttf"; sourceTree = "<group>"; fileEncoding = undefined; lastKnownFileType = unknown; explicitFileType = undefined; includeInIndex = 0; };
		FFBF52987DEE4F7DBFF10FBE /* FontAwesome.ttf */ = {isa = PBXFileReference; name = "FontAwesome.ttf"; path = "../node_modules/native-base/Fonts/FontAwesome.ttf"; sourceTree = "<group>"; fileEncoding = undefined; lastKnownFileType = unknown; explicitFileType = undefined; includeInIndex = 0; };
		27C19DCC2724413DBD5777F9 /* FontAwesome5_Brands.ttf */ = {isa = PBXFileReference; name = "FontAwesome5_Brands.ttf"; path = "../node_modules/native-base/Fonts/FontAwesome5_Brands.ttf"; sourceTree = "<group>"; fileEncoding = undefined; lastKnownFileType = unknown; explicitFileType = undefined; includeInIndex = 0; };
		74C1F1AC6DC247909EB00EA6 /* FontAwesome5_Regular.ttf */ = {isa = PBXFileReference; name = "FontAwesome5_Regular.ttf"; path = "../node_modules/native-base/Fonts/FontAwesome5_Regular.ttf"; sourceTree = "<group>"; fileEncoding = undefined; lastKnownFileType = unknown; explicitFileType = undefined; includeInIndex = 0; };
		A11D9AD774F64749BB2B6A4B /* FontAwesome5_Solid.ttf */ = {isa = PBXFileReference; name = "FontAwesome5_Solid.ttf"; path = "../node_modules/native-base/Fonts/FontAwesome5_Solid.ttf"; sourceTree = "<group>"; fileEncoding = undefined; lastKnownFileType = unknown; explicitFileType = undefined; includeInIndex = 0; };
		56899D3F35A24F138078A0AD /* Fontisto.ttf */ = {isa = PBXFileReference; name = "Fontisto.ttf"; path = "../node_modules/native-base/Fonts/Fontisto.ttf"; sourceTree = "<group>"; fileEncoding = undefined; lastKnownFileType = unknown; explicitFileType = undefined; includeInIndex = 0; };
		40226853DBF24C379CD7C7F1 /* Foundation.ttf */ = {isa = PBXFileReference; name = "Foundation.ttf"; path = "../node_modules/native-base/Fonts/Foundation.ttf"; sourceTree = "<group>"; fileEncoding = undefined; lastKnownFileType = unknown; explicitFileType = undefined; includeInIndex = 0; };
		B983D71852B84C6396FC99FA /* Ionicons.ttf */ = {isa = PBXFileReference; name = "Ionicons.ttf"; path = "../node_modules/native-base/Fonts/Ionicons.ttf"; sourceTree = "<group>"; fileEncoding = undefined; lastKnownFileType = unknown; explicitFileType = undefined; includeInIndex = 0; };
		92315A21733F42E3B142CCDC /* MaterialCommunityIcons.ttf */ = {isa = PBXFileReference; name = "MaterialCommunityIcons.ttf"; path = "../node_modules/native-base/Fonts/MaterialCommunityIcons.ttf"; sourceTree = "<group>"; fileEncoding = undefined; lastKnownFileType = unknown; explicitFileType = undefined; includeInIndex = 0; };
		ADCB3FB19D6F4686A52DA382 /* MaterialIcons.ttf */ = {isa = PBXFileReference; name = "MaterialIcons.ttf"; path = "../node_modules/native-base/Fonts/MaterialIcons.ttf"; sourceTree = "<group>"; fileEncoding = undefined; lastKnownFileType = unknown; explicitFileType = undefined; includeInIndex = 0; };
		81766A54063341D7B22B4790 /* Octicons.ttf */ = {isa = PBXFileReference; name = "Octicons.ttf"; path = "../node_modules/native-base/Fonts/Octicons.ttf"; sourceTree = "<group>"; fileEncoding = undefined; lastKnownFileType = unknown; explicitFileType = undefined; includeInIndex = 0; };
		10B4371D08F84823B5A9864C /* Roboto_medium.ttf */ = {isa = PBXFileReference; name = "Roboto_medium.ttf"; path = "../node_modules/native-base/Fonts/Roboto_medium.ttf"; sourceTree = "<group>"; fileEncoding = undefined; lastKnownFileType = unknown; explicitFileType = undefined; includeInIndex = 0; };
		0F73CE0255244CB38955F392 /* Roboto.ttf */ = {isa = PBXFileReference; name = "Roboto.ttf"; path = "../node_modules/native-base/Fonts/Roboto.ttf"; sourceTree = "<group>"; fileEncoding = undefined; lastKnownFileType = unknown; explicitFileType = undefined; includeInIndex = 0; };
		D5367DD5A379432495D5BA04 /* rubicon-icon-font.ttf */ = {isa = PBXFileReference; name = "rubicon-icon-font.ttf"; path = "../node_modules/native-base/Fonts/rubicon-icon-font.ttf"; sourceTree = "<group>"; fileEncoding = undefined; lastKnownFileType = unknown; explicitFileType = undefined; includeInIndex = 0; };
		A13EF2DFE2BB434DBB2496CA /* SimpleLineIcons.ttf */ = {isa = PBXFileReference; name = "SimpleLineIcons.ttf"; path = "../node_modules/native-base/Fonts/SimpleLineIcons.ttf"; sourceTree = "<group>"; fileEncoding = undefined; lastKnownFileType = unknown; explicitFileType = undefined; includeInIndex = 0; };
		262BED8B75034FB9A6B5CCE6 /* Zocial.ttf */ = {isa = PBXFileReference; name = "Zocial.ttf"; path = "../node_modules/native-base/Fonts/Zocial.ttf"; sourceTree = "<group>"; fileEncoding = undefined; lastKnownFileType = unknown; explicitFileType = undefined; includeInIndex = 0; };
		63D82FB919E24119AEEEF062 /* SF-Pro.ttf */ = {isa = PBXFileReference; name = "SF-Pro.ttf"; path = "../assets/fonts/SF-Pro.ttf"; sourceTree = "<group>"; fileEncoding = undefined; lastKnownFileType = unknown; explicitFileType = undefined; includeInIndex = 0; };
		5EC5229FCA2C4C7EA448FD25 /* SF Pro.ttf */ = {isa = PBXFileReference; name = "SF Pro.ttf"; path = "../assets/fonts/SF Pro.ttf"; sourceTree = "<group>"; fileEncoding = undefined; lastKnownFileType = unknown; explicitFileType = undefined; includeInIndex = 0; };
		11B84B3431D7435B985EE891 /* SF-Pro-Display-Bold.otf */ = {isa = PBXFileReference; name = "SF-Pro-Display-Bold.otf"; path = "../assets/fonts/SF-Pro-Display-Bold.otf"; sourceTree = "<group>"; fileEncoding = undefined; lastKnownFileType = unknown; explicitFileType = undefined; includeInIndex = 0; };
		1749FA79B84F47C8938B5BE0 /* SF Pro Display Bold.otf */ = {isa = PBXFileReference; name = "SF Pro Display Bold.otf"; path = "../assets/fonts/SF Pro Display Bold.otf"; sourceTree = "<group>"; fileEncoding = undefined; lastKnownFileType = unknown; explicitFileType = undefined; includeInIndex = 0; };
		35A43160DD4146B5A2C42F37 /* SF Pro Text Medium.otf */ = {isa = PBXFileReference; name = "SF Pro Text Medium.otf"; path = "../assets/fonts/SF Pro Text Medium.otf"; sourceTree = "<group>"; fileEncoding = undefined; lastKnownFileType = unknown; explicitFileType = undefined; includeInIndex = 0; };
		AA6218F897E84A509BCCEECF /* SF Pro Text Regular.otf */ = {isa = PBXFileReference; name = "SF Pro Text Regular.otf"; path = "../assets/fonts/SF Pro Text Regular.otf"; sourceTree = "<group>"; fileEncoding = undefined; lastKnownFileType = unknown; explicitFileType = undefined; includeInIndex = 0; };
/* End PBXFileReference section */

/* Begin PBXFrameworksBuildPhase section */
		00E356EB1AD99517003FC87E /* Frameworks */ = {
			isa = PBXFrameworksBuildPhase;
			buildActionMask = 2147483647;
			files = (
				6F771D04E1448B44C5FA6A9D /* libPods-client-clientTests.a in Frameworks */,
			);
			runOnlyForDeploymentPostprocessing = 0;
		};
		13B07F8C1A680F5B00A75B9A /* Frameworks */ = {
			isa = PBXFrameworksBuildPhase;
			buildActionMask = 2147483647;
			files = (
				DC478DA163B28FA6DD7A5540 /* libPods-client.a in Frameworks */,
			);
			runOnlyForDeploymentPostprocessing = 0;
		};
		2D02E4781E0B4A5D006451C7 /* Frameworks */ = {
			isa = PBXFrameworksBuildPhase;
			buildActionMask = 2147483647;
			files = (
				0A69F3D0B6502C77964653AA /* libPods-client-tvOS.a in Frameworks */,
			);
			runOnlyForDeploymentPostprocessing = 0;
		};
		2D02E48D1E0B4A5D006451C7 /* Frameworks */ = {
			isa = PBXFrameworksBuildPhase;
			buildActionMask = 2147483647;
			files = (
				EC1049BF8A95DDF0C0A5D57E /* libPods-client-tvOSTests.a in Frameworks */,
			);
			runOnlyForDeploymentPostprocessing = 0;
		};
/* End PBXFrameworksBuildPhase section */

/* Begin PBXGroup section */
		00E356EF1AD99517003FC87E /* clientTests */ = {
			isa = PBXGroup;
			children = (
				00E356F21AD99517003FC87E /* clientTests.m */,
				00E356F01AD99517003FC87E /* Supporting Files */,
			);
			path = clientTests;
			sourceTree = "<group>";
		};
		00E356F01AD99517003FC87E /* Supporting Files */ = {
			isa = PBXGroup;
			children = (
				00E356F11AD99517003FC87E /* Info.plist */,
			);
			name = "Supporting Files";
			sourceTree = "<group>";
		};
		13B07FAE1A68108700A75B9A /* client */ = {
			isa = PBXGroup;
			children = (
				008F07F21AC5B25A0029DE68 /* main.jsbundle */,
				13B07FAF1A68108700A75B9A /* AppDelegate.h */,
				13B07FB01A68108700A75B9A /* AppDelegate.m */,
				13B07FB51A68108700A75B9A /* Images.xcassets */,
				13B07FB61A68108700A75B9A /* Info.plist */,
				81AB9BB72411601600AC10FF /* LaunchScreen.storyboard */,
				13B07FB71A68108700A75B9A /* main.m */,
			);
			name = client;
			sourceTree = "<group>";
		};
		2D16E6871FA4F8E400B85C8A /* Frameworks */ = {
			isa = PBXGroup;
			children = (
				ED297162215061F000B7C4FE /* JavaScriptCore.framework */,
				ED2971642150620600B7C4FE /* JavaScriptCore.framework */,
				C3FA24B60B1CAE6A769B29A8 /* libPods-client.a */,
				408E92AC1F713FA4EEBB7216 /* libPods-client-clientTests.a */,
				8C2F8662031E611D29F2264C /* libPods-client-tvOS.a */,
				7DA65EF2601F21F5C3134618 /* libPods-client-tvOSTests.a */,
			);
			name = Frameworks;
			sourceTree = "<group>";
		};
		832341AE1AAA6A7D00B99B32 /* Libraries */ = {
			isa = PBXGroup;
			children = (
			);
			name = Libraries;
			sourceTree = "<group>";
		};
		83CBB9F61A601CBA00E9B192 = {
			isa = PBXGroup;
			children = (
				13B07FAE1A68108700A75B9A /* client */,
				832341AE1AAA6A7D00B99B32 /* Libraries */,
				00E356EF1AD99517003FC87E /* clientTests */,
				83CBBA001A601CBA00E9B192 /* Products */,
				2D16E6871FA4F8E400B85C8A /* Frameworks */,
				AE5FB928D7443B3915287623 /* Pods */,
				25FD5C3ED21A40AAA5459751 /* Resources */,
			);
			indentWidth = 2;
			sourceTree = "<group>";
			tabWidth = 2;
			usesTabs = 0;
		};
		83CBBA001A601CBA00E9B192 /* Products */ = {
			isa = PBXGroup;
			children = (
				13B07F961A680F5B00A75B9A /* client.app */,
				00E356EE1AD99517003FC87E /* clientTests.xctest */,
				2D02E47B1E0B4A5D006451C7 /* client-tvOS.app */,
				2D02E4901E0B4A5D006451C7 /* client-tvOSTests.xctest */,
			);
			name = Products;
			sourceTree = "<group>";
		};
		AE5FB928D7443B3915287623 /* Pods */ = {
			isa = PBXGroup;
			children = (
				2E8815A99BBFA521D2326007 /* Pods-client.debug.xcconfig */,
				45169ED70210E795C5F5020E /* Pods-client.release.xcconfig */,
				45C30CA3231EF4BDE05A0178 /* Pods-client-clientTests.debug.xcconfig */,
				78A8CB7826EA499F0D374405 /* Pods-client-clientTests.release.xcconfig */,
				4C7076BF37C3ABB75C017CF8 /* Pods-client-tvOS.debug.xcconfig */,
				D46BA24F41FF72EABBAC9C67 /* Pods-client-tvOS.release.xcconfig */,
				2A093D524ECB9E53455746E7 /* Pods-client-tvOSTests.debug.xcconfig */,
				A2C01CE9B1ED75986181605D /* Pods-client-tvOSTests.release.xcconfig */,
			);
			name = Pods;
			path = Pods;
			sourceTree = "<group>";
		};
		25FD5C3ED21A40AAA5459751 /* Resources */ = {
			isa = "PBXGroup";
			children = (
				98AA76F1B4A8466AA938FF92 /* SF-Pro-Text-Black.otf */,
				99FFB1FBF6DD4DA79FAFAA55 /* SF-Pro-Text-BlackItalic.otf */,
				E14A0FBC6A284D2D90DAB8B7 /* SF-Pro-Text-Bold.otf */,
				D1288F8BC5204147AE451F50 /* SF-Pro-Text-BoldItalic.otf */,
				65272E5F256A429CADCB28BF /* SF-Pro-Text-Heavy.otf */,
				0C45357248434B089594321C /* SF-Pro-Text-HeavyItalic.otf */,
				0343F54911294F3087CB88CF /* SF-Pro-Text-Light.otf */,
				01407F7177E043A99E7287EB /* SF-Pro-Text-LightItalic.otf */,
				83D8E0AA7D714B16B6898936 /* SF-Pro-Text-Medium.otf */,
				CDF24DDC166843A79FF24273 /* SF-Pro-Text-MediumItalic.otf */,
				6B876FD81BFB45DAB3A5004D /* SF-Pro-Text-Regular.otf */,
				734D232CD17E475B9365D256 /* SF-Pro-Text-RegularItalic.otf */,
				8EF58FB5A97E4DDD9A5BC4B3 /* SF-Pro-Text-Semibold.otf */,
				66F3E8A7896F493CB64603B8 /* SF-Pro-Text-SemiboldItalic.otf */,
				F1433C12237E4F0E8B7811F7 /* SF-Pro-Text-Thin.otf */,
				5CC595E037FA41D58849D4FF /* SF-Pro-Text-ThinItalic.otf */,
				AAB1FAFC351C4B5FA647F152 /* SF-Pro-Text-Ultralight.otf */,
				5EA90F17793041748B227967 /* SF-Pro-Text-UltralightItalic.otf */,
				2812C9E9DF374CF9A3489C56 /* AntDesign.ttf */,
				7E500C21649C44D9A4EED66B /* Entypo.ttf */,
				7F92C69FBF9D4C4199A39074 /* EvilIcons.ttf */,
				83BBE26DC0114D0A8523F67B /* Feather.ttf */,
				FFBF52987DEE4F7DBFF10FBE /* FontAwesome.ttf */,
				27C19DCC2724413DBD5777F9 /* FontAwesome5_Brands.ttf */,
				74C1F1AC6DC247909EB00EA6 /* FontAwesome5_Regular.ttf */,
				A11D9AD774F64749BB2B6A4B /* FontAwesome5_Solid.ttf */,
				56899D3F35A24F138078A0AD /* Fontisto.ttf */,
				40226853DBF24C379CD7C7F1 /* Foundation.ttf */,
				B983D71852B84C6396FC99FA /* Ionicons.ttf */,
				92315A21733F42E3B142CCDC /* MaterialCommunityIcons.ttf */,
				ADCB3FB19D6F4686A52DA382 /* MaterialIcons.ttf */,
				81766A54063341D7B22B4790 /* Octicons.ttf */,
				10B4371D08F84823B5A9864C /* Roboto_medium.ttf */,
				0F73CE0255244CB38955F392 /* Roboto.ttf */,
				D5367DD5A379432495D5BA04 /* rubicon-icon-font.ttf */,
				A13EF2DFE2BB434DBB2496CA /* SimpleLineIcons.ttf */,
				262BED8B75034FB9A6B5CCE6 /* Zocial.ttf */,
				63D82FB919E24119AEEEF062 /* SF-Pro.ttf */,
				5EC5229FCA2C4C7EA448FD25 /* SF Pro.ttf */,
				11B84B3431D7435B985EE891 /* SF-Pro-Display-Bold.otf */,
				1749FA79B84F47C8938B5BE0 /* SF Pro Display Bold.otf */,
				35A43160DD4146B5A2C42F37 /* SF Pro Text Medium.otf */,
				AA6218F897E84A509BCCEECF /* SF Pro Text Regular.otf */,
			);
			name = Resources;
			sourceTree = "<group>";
			path = "";
		};
/* End PBXGroup section */

/* Begin PBXNativeTarget section */
		00E356ED1AD99517003FC87E /* clientTests */ = {
			isa = PBXNativeTarget;
			buildConfigurationList = 00E357021AD99517003FC87E /* Build configuration list for PBXNativeTarget "clientTests" */;
			buildPhases = (
				6E53F2D9D9AB0D81D5DEE46D /* [CP] Check Pods Manifest.lock */,
				00E356EA1AD99517003FC87E /* Sources */,
				00E356EB1AD99517003FC87E /* Frameworks */,
				00E356EC1AD99517003FC87E /* Resources */,
				434C5D8DC4FD35EC3A13E187 /* [CP] Copy Pods Resources */,
			);
			buildRules = (
			);
			dependencies = (
				00E356F51AD99517003FC87E /* PBXTargetDependency */,
			);
			name = clientTests;
			productName = clientTests;
			productReference = 00E356EE1AD99517003FC87E /* clientTests.xctest */;
			productType = "com.apple.product-type.bundle.unit-test";
		};
		13B07F861A680F5B00A75B9A /* client */ = {
			isa = PBXNativeTarget;
			buildConfigurationList = 13B07F931A680F5B00A75B9A /* Build configuration list for PBXNativeTarget "client" */;
			buildPhases = (
				A4BC6AE14AC31C263618046C /* [CP] Check Pods Manifest.lock */,
				FD10A7F022414F080027D42C /* Start Packager */,
				13B07F871A680F5B00A75B9A /* Sources */,
				13B07F8C1A680F5B00A75B9A /* Frameworks */,
				13B07F8E1A680F5B00A75B9A /* Resources */,
				00DD1BFF1BD5951E006B06BC /* Bundle React Native code and images */,
				A266EF6C5EF10CCC77FCD001 /* [CP] Copy Pods Resources */,
			);
			buildRules = (
			);
			dependencies = (
			);
			name = client;
			productName = client;
			productReference = 13B07F961A680F5B00A75B9A /* client.app */;
			productType = "com.apple.product-type.application";
		};
		2D02E47A1E0B4A5D006451C7 /* client-tvOS */ = {
			isa = PBXNativeTarget;
			buildConfigurationList = 2D02E4BA1E0B4A5E006451C7 /* Build configuration list for PBXNativeTarget "client-tvOS" */;
			buildPhases = (
				C545B4B948A6AF78AF96D8E3 /* [CP] Check Pods Manifest.lock */,
				FD10A7F122414F3F0027D42C /* Start Packager */,
				2D02E4771E0B4A5D006451C7 /* Sources */,
				2D02E4781E0B4A5D006451C7 /* Frameworks */,
				2D02E4791E0B4A5D006451C7 /* Resources */,
				2D02E4CB1E0B4B27006451C7 /* Bundle React Native Code And Images */,
			);
			buildRules = (
			);
			dependencies = (
			);
			name = "client-tvOS";
			productName = "client-tvOS";
			productReference = 2D02E47B1E0B4A5D006451C7 /* client-tvOS.app */;
			productType = "com.apple.product-type.application";
		};
		2D02E48F1E0B4A5D006451C7 /* client-tvOSTests */ = {
			isa = PBXNativeTarget;
			buildConfigurationList = 2D02E4BB1E0B4A5E006451C7 /* Build configuration list for PBXNativeTarget "client-tvOSTests" */;
			buildPhases = (
				A21833ED0FDA4A57A2B7DD5F /* [CP] Check Pods Manifest.lock */,
				2D02E48C1E0B4A5D006451C7 /* Sources */,
				2D02E48D1E0B4A5D006451C7 /* Frameworks */,
				2D02E48E1E0B4A5D006451C7 /* Resources */,
			);
			buildRules = (
			);
			dependencies = (
				2D02E4921E0B4A5D006451C7 /* PBXTargetDependency */,
			);
			name = "client-tvOSTests";
			productName = "client-tvOSTests";
			productReference = 2D02E4901E0B4A5D006451C7 /* client-tvOSTests.xctest */;
			productType = "com.apple.product-type.bundle.unit-test";
		};
/* End PBXNativeTarget section */

/* Begin PBXProject section */
		83CBB9F71A601CBA00E9B192 /* Project object */ = {
			isa = PBXProject;
			attributes = {
				LastUpgradeCheck = 1130;
				TargetAttributes = {
					00E356ED1AD99517003FC87E = {
						CreatedOnToolsVersion = 6.2;
						TestTargetID = 13B07F861A680F5B00A75B9A;
					};
					13B07F861A680F5B00A75B9A = {
						LastSwiftMigration = 1120;
					};
					2D02E47A1E0B4A5D006451C7 = {
						CreatedOnToolsVersion = 8.2.1;
						ProvisioningStyle = Automatic;
					};
					2D02E48F1E0B4A5D006451C7 = {
						CreatedOnToolsVersion = 8.2.1;
						ProvisioningStyle = Automatic;
						TestTargetID = 2D02E47A1E0B4A5D006451C7;
					};
				};
			};
			buildConfigurationList = 83CBB9FA1A601CBA00E9B192 /* Build configuration list for PBXProject "client" */;
			compatibilityVersion = "Xcode 3.2";
			developmentRegion = en;
			hasScannedForEncodings = 0;
			knownRegions = (
				en,
				Base,
			);
			mainGroup = 83CBB9F61A601CBA00E9B192;
			productRefGroup = 83CBBA001A601CBA00E9B192 /* Products */;
			projectDirPath = "";
			projectRoot = "";
			targets = (
				13B07F861A680F5B00A75B9A /* client */,
				00E356ED1AD99517003FC87E /* clientTests */,
				2D02E47A1E0B4A5D006451C7 /* client-tvOS */,
				2D02E48F1E0B4A5D006451C7 /* client-tvOSTests */,
			);
		};
/* End PBXProject section */

/* Begin PBXResourcesBuildPhase section */
		00E356EC1AD99517003FC87E /* Resources */ = {
			isa = PBXResourcesBuildPhase;
			buildActionMask = 2147483647;
			files = (
			);
			runOnlyForDeploymentPostprocessing = 0;
		};
		13B07F8E1A680F5B00A75B9A /* Resources */ = {
			isa = PBXResourcesBuildPhase;
			buildActionMask = 2147483647;
			files = (
				81AB9BB82411601600AC10FF /* LaunchScreen.storyboard in Resources */,
				13B07FBF1A68108700A75B9A /* Images.xcassets in Resources */,
				85BC897A22714251B9CEF3A9 /* SF-Pro-Text-Black.otf in Resources */,
				07DB54DFFC3F4C77BF364FE3 /* SF-Pro-Text-BlackItalic.otf in Resources */,
				086CE04E97A1411FB030D6C3 /* SF-Pro-Text-Bold.otf in Resources */,
				ED129C41A9734C0197342EF3 /* SF-Pro-Text-BoldItalic.otf in Resources */,
				B5364DFC86FA4D529D9D284E /* SF-Pro-Text-Heavy.otf in Resources */,
				572F8BBCD7A545179DEC9BC7 /* SF-Pro-Text-HeavyItalic.otf in Resources */,
				DCC29222F5CC461B81EA5674 /* SF-Pro-Text-Light.otf in Resources */,
				AF2BF3B63D5645E6B5B7611B /* SF-Pro-Text-LightItalic.otf in Resources */,
				07EE813496C84CB28BF75FFA /* SF-Pro-Text-Medium.otf in Resources */,
				76BD6AFC04494B3DA0B9567D /* SF-Pro-Text-MediumItalic.otf in Resources */,
				5E1C1D92D4B44C8FACF0C2DC /* SF-Pro-Text-Regular.otf in Resources */,
				FF8E1A41949E4E228AB165C2 /* SF-Pro-Text-RegularItalic.otf in Resources */,
				615FE6AC60A745C081BC5DB7 /* SF-Pro-Text-Semibold.otf in Resources */,
				DEE8DD20A9854BF8ACCA4AD9 /* SF-Pro-Text-SemiboldItalic.otf in Resources */,
				9F732587AEFF4BD882C5B8FD /* SF-Pro-Text-Thin.otf in Resources */,
				748A7BE8438E44BFB455B082 /* SF-Pro-Text-ThinItalic.otf in Resources */,
				5244842AD86C41B4B10EDF79 /* SF-Pro-Text-Ultralight.otf in Resources */,
				289D33FA09DF44D3BFF5960E /* SF-Pro-Text-UltralightItalic.otf in Resources */,
				75C59E5617ED4C65B05A789B /* AntDesign.ttf in Resources */,
				1E2D55950FA046C2A921FFAB /* Entypo.ttf in Resources */,
				DC541A145E904A58B3148B96 /* EvilIcons.ttf in Resources */,
				F9C60E1FF0374BE7BAEC008A /* Feather.ttf in Resources */,
				2529EAC38E4346CF9165F76B /* FontAwesome.ttf in Resources */,
				5ED2B0C5FE7F47F887AA22B1 /* FontAwesome5_Brands.ttf in Resources */,
				1E4D8F9581C24F0098EF9665 /* FontAwesome5_Regular.ttf in Resources */,
				854F7A4BC0C646B7A6C4DD1A /* FontAwesome5_Solid.ttf in Resources */,
				5C9E25C5274F497E869137F6 /* Fontisto.ttf in Resources */,
				0DB4EB764AB541168C086336 /* Foundation.ttf in Resources */,
				63A4FA05CB354489A253B7E4 /* Ionicons.ttf in Resources */,
				6C27DD2656764851BE45C790 /* MaterialCommunityIcons.ttf in Resources */,
				B5B41DE4A4124C37A95CB80E /* MaterialIcons.ttf in Resources */,
				3B54985D21A144E2905DAE36 /* Octicons.ttf in Resources */,
				AB6E569E79FF462989025D69 /* Roboto_medium.ttf in Resources */,
				210A27B250FF4025B121AB02 /* Roboto.ttf in Resources */,
				D1BB1D41ECC94D08A6800473 /* rubicon-icon-font.ttf in Resources */,
				F86DF27E6E664F44BF96D1FF /* SimpleLineIcons.ttf in Resources */,
				C3EA9E71101845D280A97767 /* Zocial.ttf in Resources */,
				BC58D065C1574ABE8E0325C1 /* SF-Pro.ttf in Resources */,
				F7F6AE760A184A8C8A3379F6 /* SF Pro.ttf in Resources */,
				759B4581D32546D293C356A1 /* SF-Pro-Display-Bold.otf in Resources */,
				6FD307440F7340C4A1278455 /* SF Pro Display Bold.otf in Resources */,
				118D5B7B03B7413588C90B82 /* SF Pro Text Medium.otf in Resources */,
				F32E248B9D274B89B8C8A066 /* SF Pro Text Regular.otf in Resources */,
			);
			runOnlyForDeploymentPostprocessing = 0;
		};
		2D02E4791E0B4A5D006451C7 /* Resources */ = {
			isa = PBXResourcesBuildPhase;
			buildActionMask = 2147483647;
			files = (
				2D02E4BD1E0B4A84006451C7 /* Images.xcassets in Resources */,
			);
			runOnlyForDeploymentPostprocessing = 0;
		};
		2D02E48E1E0B4A5D006451C7 /* Resources */ = {
			isa = PBXResourcesBuildPhase;
			buildActionMask = 2147483647;
			files = (
			);
			runOnlyForDeploymentPostprocessing = 0;
		};
/* End PBXResourcesBuildPhase section */

/* Begin PBXShellScriptBuildPhase section */
		00DD1BFF1BD5951E006B06BC /* Bundle React Native code and images */ = {
			isa = PBXShellScriptBuildPhase;
			buildActionMask = 2147483647;
			files = (
			);
			inputPaths = (
			);
			name = "Bundle React Native code and images";
			outputPaths = (
			);
			runOnlyForDeploymentPostprocessing = 0;
			shellPath = /bin/sh;
			shellScript = "export NODE_BINARY=node\n../node_modules/react-native/scripts/react-native-xcode.sh";
		};
		2D02E4CB1E0B4B27006451C7 /* Bundle React Native Code And Images */ = {
			isa = PBXShellScriptBuildPhase;
			buildActionMask = 2147483647;
			files = (
			);
			inputPaths = (
			);
			name = "Bundle React Native Code And Images";
			outputPaths = (
			);
			runOnlyForDeploymentPostprocessing = 0;
			shellPath = /bin/sh;
			shellScript = "export NODE_BINARY=node\n../node_modules/react-native/scripts/react-native-xcode.sh";
		};
		434C5D8DC4FD35EC3A13E187 /* [CP] Copy Pods Resources */ = {
			isa = PBXShellScriptBuildPhase;
			buildActionMask = 2147483647;
			files = (
			);
			inputPaths = (
				"${PODS_ROOT}/Target Support Files/Pods-client-clientTests/Pods-client-clientTests-resources.sh",
				"${PODS_CONFIGURATION_BUILD_DIR}/RNImageCropPicker/QBImagePicker.bundle",
				"${PODS_CONFIGURATION_BUILD_DIR}/React-Core/AccessibilityResources.bundle",
				"${PODS_CONFIGURATION_BUILD_DIR}/TOCropViewController/TOCropViewControllerBundle.bundle",
			);
			name = "[CP] Copy Pods Resources";
			outputPaths = (
				"${TARGET_BUILD_DIR}/${UNLOCALIZED_RESOURCES_FOLDER_PATH}/QBImagePicker.bundle",
				"${TARGET_BUILD_DIR}/${UNLOCALIZED_RESOURCES_FOLDER_PATH}/AccessibilityResources.bundle",
				"${TARGET_BUILD_DIR}/${UNLOCALIZED_RESOURCES_FOLDER_PATH}/TOCropViewControllerBundle.bundle",
			);
			runOnlyForDeploymentPostprocessing = 0;
			shellPath = /bin/sh;
			shellScript = "\"${PODS_ROOT}/Target Support Files/Pods-client-clientTests/Pods-client-clientTests-resources.sh\"\n";
			showEnvVarsInLog = 0;
		};
		6E53F2D9D9AB0D81D5DEE46D /* [CP] Check Pods Manifest.lock */ = {
			isa = PBXShellScriptBuildPhase;
			buildActionMask = 2147483647;
			files = (
			);
			inputFileListPaths = (
			);
			inputPaths = (
				"${PODS_PODFILE_DIR_PATH}/Podfile.lock",
				"${PODS_ROOT}/Manifest.lock",
			);
			name = "[CP] Check Pods Manifest.lock";
			outputFileListPaths = (
			);
			outputPaths = (
				"$(DERIVED_FILE_DIR)/Pods-client-clientTests-checkManifestLockResult.txt",
			);
			runOnlyForDeploymentPostprocessing = 0;
			shellPath = /bin/sh;
			shellScript = "diff \"${PODS_PODFILE_DIR_PATH}/Podfile.lock\" \"${PODS_ROOT}/Manifest.lock\" > /dev/null\nif [ $? != 0 ] ; then\n    # print error to STDERR\n    echo \"error: The sandbox is not in sync with the Podfile.lock. Run 'pod install' or update your CocoaPods installation.\" >&2\n    exit 1\nfi\n# This output is used by Xcode 'outputs' to avoid re-running this script phase.\necho \"SUCCESS\" > \"${SCRIPT_OUTPUT_FILE_0}\"\n";
			showEnvVarsInLog = 0;
		};
		A21833ED0FDA4A57A2B7DD5F /* [CP] Check Pods Manifest.lock */ = {
			isa = PBXShellScriptBuildPhase;
			buildActionMask = 2147483647;
			files = (
			);
			inputFileListPaths = (
			);
			inputPaths = (
				"${PODS_PODFILE_DIR_PATH}/Podfile.lock",
				"${PODS_ROOT}/Manifest.lock",
			);
			name = "[CP] Check Pods Manifest.lock";
			outputFileListPaths = (
			);
			outputPaths = (
				"$(DERIVED_FILE_DIR)/Pods-client-tvOSTests-checkManifestLockResult.txt",
			);
			runOnlyForDeploymentPostprocessing = 0;
			shellPath = /bin/sh;
			shellScript = "diff \"${PODS_PODFILE_DIR_PATH}/Podfile.lock\" \"${PODS_ROOT}/Manifest.lock\" > /dev/null\nif [ $? != 0 ] ; then\n    # print error to STDERR\n    echo \"error: The sandbox is not in sync with the Podfile.lock. Run 'pod install' or update your CocoaPods installation.\" >&2\n    exit 1\nfi\n# This output is used by Xcode 'outputs' to avoid re-running this script phase.\necho \"SUCCESS\" > \"${SCRIPT_OUTPUT_FILE_0}\"\n";
			showEnvVarsInLog = 0;
		};
		A266EF6C5EF10CCC77FCD001 /* [CP] Copy Pods Resources */ = {
			isa = PBXShellScriptBuildPhase;
			buildActionMask = 2147483647;
			files = (
			);
			inputPaths = (
				"${PODS_ROOT}/Target Support Files/Pods-client/Pods-client-resources.sh",
				"${PODS_CONFIGURATION_BUILD_DIR}/RNImageCropPicker/QBImagePicker.bundle",
				"${PODS_CONFIGURATION_BUILD_DIR}/React-Core/AccessibilityResources.bundle",
				"${PODS_CONFIGURATION_BUILD_DIR}/TOCropViewController/TOCropViewControllerBundle.bundle",
			);
			name = "[CP] Copy Pods Resources";
			outputPaths = (
				"${TARGET_BUILD_DIR}/${UNLOCALIZED_RESOURCES_FOLDER_PATH}/QBImagePicker.bundle",
				"${TARGET_BUILD_DIR}/${UNLOCALIZED_RESOURCES_FOLDER_PATH}/AccessibilityResources.bundle",
				"${TARGET_BUILD_DIR}/${UNLOCALIZED_RESOURCES_FOLDER_PATH}/TOCropViewControllerBundle.bundle",
			);
			runOnlyForDeploymentPostprocessing = 0;
			shellPath = /bin/sh;
			shellScript = "\"${PODS_ROOT}/Target Support Files/Pods-client/Pods-client-resources.sh\"\n";
			showEnvVarsInLog = 0;
		};
		A4BC6AE14AC31C263618046C /* [CP] Check Pods Manifest.lock */ = {
			isa = PBXShellScriptBuildPhase;
			buildActionMask = 2147483647;
			files = (
			);
			inputFileListPaths = (
			);
			inputPaths = (
				"${PODS_PODFILE_DIR_PATH}/Podfile.lock",
				"${PODS_ROOT}/Manifest.lock",
			);
			name = "[CP] Check Pods Manifest.lock";
			outputFileListPaths = (
			);
			outputPaths = (
				"$(DERIVED_FILE_DIR)/Pods-client-checkManifestLockResult.txt",
			);
			runOnlyForDeploymentPostprocessing = 0;
			shellPath = /bin/sh;
			shellScript = "diff \"${PODS_PODFILE_DIR_PATH}/Podfile.lock\" \"${PODS_ROOT}/Manifest.lock\" > /dev/null\nif [ $? != 0 ] ; then\n    # print error to STDERR\n    echo \"error: The sandbox is not in sync with the Podfile.lock. Run 'pod install' or update your CocoaPods installation.\" >&2\n    exit 1\nfi\n# This output is used by Xcode 'outputs' to avoid re-running this script phase.\necho \"SUCCESS\" > \"${SCRIPT_OUTPUT_FILE_0}\"\n";
			showEnvVarsInLog = 0;
		};
		C545B4B948A6AF78AF96D8E3 /* [CP] Check Pods Manifest.lock */ = {
			isa = PBXShellScriptBuildPhase;
			buildActionMask = 2147483647;
			files = (
			);
			inputFileListPaths = (
			);
			inputPaths = (
				"${PODS_PODFILE_DIR_PATH}/Podfile.lock",
				"${PODS_ROOT}/Manifest.lock",
			);
			name = "[CP] Check Pods Manifest.lock";
			outputFileListPaths = (
			);
			outputPaths = (
				"$(DERIVED_FILE_DIR)/Pods-client-tvOS-checkManifestLockResult.txt",
			);
			runOnlyForDeploymentPostprocessing = 0;
			shellPath = /bin/sh;
			shellScript = "diff \"${PODS_PODFILE_DIR_PATH}/Podfile.lock\" \"${PODS_ROOT}/Manifest.lock\" > /dev/null\nif [ $? != 0 ] ; then\n    # print error to STDERR\n    echo \"error: The sandbox is not in sync with the Podfile.lock. Run 'pod install' or update your CocoaPods installation.\" >&2\n    exit 1\nfi\n# This output is used by Xcode 'outputs' to avoid re-running this script phase.\necho \"SUCCESS\" > \"${SCRIPT_OUTPUT_FILE_0}\"\n";
			showEnvVarsInLog = 0;
		};
		FD10A7F022414F080027D42C /* Start Packager */ = {
			isa = PBXShellScriptBuildPhase;
			buildActionMask = 2147483647;
			files = (
			);
			inputFileListPaths = (
			);
			inputPaths = (
			);
			name = "Start Packager";
			outputFileListPaths = (
			);
			outputPaths = (
			);
			runOnlyForDeploymentPostprocessing = 0;
			shellPath = /bin/sh;
			shellScript = "export RCT_METRO_PORT=\"${RCT_METRO_PORT:=8081}\"\necho \"export RCT_METRO_PORT=${RCT_METRO_PORT}\" > \"${SRCROOT}/../node_modules/react-native/scripts/.packager.env\"\nif [ -z \"${RCT_NO_LAUNCH_PACKAGER+xxx}\" ] ; then\n  if nc -w 5 -z localhost ${RCT_METRO_PORT} ; then\n    if ! curl -s \"http://localhost:${RCT_METRO_PORT}/status\" | grep -q \"packager-status:running\" ; then\n      echo \"Port ${RCT_METRO_PORT} already in use, packager is either not running or not running correctly\"\n      exit 2\n    fi\n  else\n    open \"$SRCROOT/../node_modules/react-native/scripts/launchPackager.command\" || echo \"Can't start packager automatically\"\n  fi\nfi\n";
			showEnvVarsInLog = 0;
		};
		FD10A7F122414F3F0027D42C /* Start Packager */ = {
			isa = PBXShellScriptBuildPhase;
			buildActionMask = 2147483647;
			files = (
			);
			inputFileListPaths = (
			);
			inputPaths = (
			);
			name = "Start Packager";
			outputFileListPaths = (
			);
			outputPaths = (
			);
			runOnlyForDeploymentPostprocessing = 0;
			shellPath = /bin/sh;
			shellScript = "export RCT_METRO_PORT=\"${RCT_METRO_PORT:=8081}\"\necho \"export RCT_METRO_PORT=${RCT_METRO_PORT}\" > \"${SRCROOT}/../node_modules/react-native/scripts/.packager.env\"\nif [ -z \"${RCT_NO_LAUNCH_PACKAGER+xxx}\" ] ; then\n  if nc -w 5 -z localhost ${RCT_METRO_PORT} ; then\n    if ! curl -s \"http://localhost:${RCT_METRO_PORT}/status\" | grep -q \"packager-status:running\" ; then\n      echo \"Port ${RCT_METRO_PORT} already in use, packager is either not running or not running correctly\"\n      exit 2\n    fi\n  else\n    open \"$SRCROOT/../node_modules/react-native/scripts/launchPackager.command\" || echo \"Can't start packager automatically\"\n  fi\nfi\n";
			showEnvVarsInLog = 0;
		};
/* End PBXShellScriptBuildPhase section */

/* Begin PBXSourcesBuildPhase section */
		00E356EA1AD99517003FC87E /* Sources */ = {
			isa = PBXSourcesBuildPhase;
			buildActionMask = 2147483647;
			files = (
				00E356F31AD99517003FC87E /* clientTests.m in Sources */,
			);
			runOnlyForDeploymentPostprocessing = 0;
		};
		13B07F871A680F5B00A75B9A /* Sources */ = {
			isa = PBXSourcesBuildPhase;
			buildActionMask = 2147483647;
			files = (
				13B07FBC1A68108700A75B9A /* AppDelegate.m in Sources */,
				13B07FC11A68108700A75B9A /* main.m in Sources */,
			);
			runOnlyForDeploymentPostprocessing = 0;
		};
		2D02E4771E0B4A5D006451C7 /* Sources */ = {
			isa = PBXSourcesBuildPhase;
			buildActionMask = 2147483647;
			files = (
				2D02E4BF1E0B4AB3006451C7 /* main.m in Sources */,
				2D02E4BC1E0B4A80006451C7 /* AppDelegate.m in Sources */,
			);
			runOnlyForDeploymentPostprocessing = 0;
		};
		2D02E48C1E0B4A5D006451C7 /* Sources */ = {
			isa = PBXSourcesBuildPhase;
			buildActionMask = 2147483647;
			files = (
				2DCD954D1E0B4F2C00145EB5 /* clientTests.m in Sources */,
			);
			runOnlyForDeploymentPostprocessing = 0;
		};
/* End PBXSourcesBuildPhase section */

/* Begin PBXTargetDependency section */
		00E356F51AD99517003FC87E /* PBXTargetDependency */ = {
			isa = PBXTargetDependency;
			target = 13B07F861A680F5B00A75B9A /* client */;
			targetProxy = 00E356F41AD99517003FC87E /* PBXContainerItemProxy */;
		};
		2D02E4921E0B4A5D006451C7 /* PBXTargetDependency */ = {
			isa = PBXTargetDependency;
			target = 2D02E47A1E0B4A5D006451C7 /* client-tvOS */;
			targetProxy = 2D02E4911E0B4A5D006451C7 /* PBXContainerItemProxy */;
		};
/* End PBXTargetDependency section */

/* Begin XCBuildConfiguration section */
		00E356F61AD99517003FC87E /* Debug */ = {
			isa = XCBuildConfiguration;
			baseConfigurationReference = 45C30CA3231EF4BDE05A0178 /* Pods-client-clientTests.debug.xcconfig */;
			buildSettings = {
				BUNDLE_LOADER = "$(TEST_HOST)";
				GCC_PREPROCESSOR_DEFINITIONS = (
					"DEBUG=1",
					"$(inherited)",
				);
				INFOPLIST_FILE = clientTests/Info.plist;
				IPHONEOS_DEPLOYMENT_TARGET = 10.0;
				LD_RUNPATH_SEARCH_PATHS = "$(inherited) @executable_path/Frameworks @loader_path/Frameworks";
				OTHER_LDFLAGS = (
					"-ObjC",
					"-lc++",
					"$(inherited)",
				);
				PRODUCT_BUNDLE_IDENTIFIER = "org.reactjs.native.example.$(PRODUCT_NAME:rfc1034identifier)";
				PRODUCT_NAME = "$(TARGET_NAME)";
				TEST_HOST = "$(BUILT_PRODUCTS_DIR)/client.app/client";
			};
			name = Debug;
		};
		00E356F71AD99517003FC87E /* Release */ = {
			isa = XCBuildConfiguration;
			baseConfigurationReference = 78A8CB7826EA499F0D374405 /* Pods-client-clientTests.release.xcconfig */;
			buildSettings = {
				BUNDLE_LOADER = "$(TEST_HOST)";
				COPY_PHASE_STRIP = NO;
				INFOPLIST_FILE = clientTests/Info.plist;
				IPHONEOS_DEPLOYMENT_TARGET = 10.0;
				LD_RUNPATH_SEARCH_PATHS = "$(inherited) @executable_path/Frameworks @loader_path/Frameworks";
				OTHER_LDFLAGS = (
					"-ObjC",
					"-lc++",
					"$(inherited)",
				);
				PRODUCT_BUNDLE_IDENTIFIER = "org.reactjs.native.example.$(PRODUCT_NAME:rfc1034identifier)";
				PRODUCT_NAME = "$(TARGET_NAME)";
				TEST_HOST = "$(BUILT_PRODUCTS_DIR)/client.app/client";
			};
			name = Release;
		};
		13B07F941A680F5B00A75B9A /* Debug */ = {
			isa = XCBuildConfiguration;
			baseConfigurationReference = 2E8815A99BBFA521D2326007 /* Pods-client.debug.xcconfig */;
			buildSettings = {
				ASSETCATALOG_COMPILER_APPICON_NAME = AppIcon;
				CLANG_ENABLE_MODULES = YES;
				CURRENT_PROJECT_VERSION = 1;
				ENABLE_BITCODE = NO;
				INFOPLIST_FILE = client/Info.plist;
				LD_RUNPATH_SEARCH_PATHS = "$(inherited) @executable_path/Frameworks";
				OTHER_LDFLAGS = (
					"$(inherited)",
					"-ObjC",
					"-lc++",
				);
				PRODUCT_BUNDLE_IDENTIFIER = "org.reactjs.native.example.$(PRODUCT_NAME:rfc1034identifier)";
				PRODUCT_NAME = client;
				SWIFT_OPTIMIZATION_LEVEL = "-Onone";
				SWIFT_VERSION = 5.0;
				VERSIONING_SYSTEM = "apple-generic";
			};
			name = Debug;
		};
		13B07F951A680F5B00A75B9A /* Release */ = {
			isa = XCBuildConfiguration;
			baseConfigurationReference = 45169ED70210E795C5F5020E /* Pods-client.release.xcconfig */;
			buildSettings = {
				ASSETCATALOG_COMPILER_APPICON_NAME = AppIcon;
				CLANG_ENABLE_MODULES = YES;
				CURRENT_PROJECT_VERSION = 1;
				INFOPLIST_FILE = client/Info.plist;
				LD_RUNPATH_SEARCH_PATHS = "$(inherited) @executable_path/Frameworks";
				OTHER_LDFLAGS = (
					"$(inherited)",
					"-ObjC",
					"-lc++",
				);
				PRODUCT_BUNDLE_IDENTIFIER = "org.reactjs.native.example.$(PRODUCT_NAME:rfc1034identifier)";
				PRODUCT_NAME = client;
				SWIFT_VERSION = 5.0;
				VERSIONING_SYSTEM = "apple-generic";
			};
			name = Release;
		};
		2D02E4971E0B4A5E006451C7 /* Debug */ = {
			isa = XCBuildConfiguration;
			baseConfigurationReference = 4C7076BF37C3ABB75C017CF8 /* Pods-client-tvOS.debug.xcconfig */;
			buildSettings = {
				ASSETCATALOG_COMPILER_APPICON_NAME = "App Icon & Top Shelf Image";
				ASSETCATALOG_COMPILER_LAUNCHIMAGE_NAME = LaunchImage;
				CLANG_ANALYZER_NONNULL = YES;
				CLANG_WARN_DOCUMENTATION_COMMENTS = YES;
				CLANG_WARN_INFINITE_RECURSION = YES;
				CLANG_WARN_SUSPICIOUS_MOVE = YES;
				DEBUG_INFORMATION_FORMAT = dwarf;
				ENABLE_TESTABILITY = YES;
				GCC_NO_COMMON_BLOCKS = YES;
				INFOPLIST_FILE = "client-tvOS/Info.plist";
				LD_RUNPATH_SEARCH_PATHS = "$(inherited) @executable_path/Frameworks";
				OTHER_LDFLAGS = (
					"$(inherited)",
					"-ObjC",
					"-lc++",
				);
				PRODUCT_BUNDLE_IDENTIFIER = "org.reactjs.native.example.client-tvOS";
				PRODUCT_NAME = "$(TARGET_NAME)";
				SDKROOT = appletvos;
				TARGETED_DEVICE_FAMILY = 3;
				TVOS_DEPLOYMENT_TARGET = 10.0;
			};
			name = Debug;
		};
		2D02E4981E0B4A5E006451C7 /* Release */ = {
			isa = XCBuildConfiguration;
			baseConfigurationReference = D46BA24F41FF72EABBAC9C67 /* Pods-client-tvOS.release.xcconfig */;
			buildSettings = {
				ASSETCATALOG_COMPILER_APPICON_NAME = "App Icon & Top Shelf Image";
				ASSETCATALOG_COMPILER_LAUNCHIMAGE_NAME = LaunchImage;
				CLANG_ANALYZER_NONNULL = YES;
				CLANG_WARN_DOCUMENTATION_COMMENTS = YES;
				CLANG_WARN_INFINITE_RECURSION = YES;
				CLANG_WARN_SUSPICIOUS_MOVE = YES;
				COPY_PHASE_STRIP = NO;
				DEBUG_INFORMATION_FORMAT = "dwarf-with-dsym";
				GCC_NO_COMMON_BLOCKS = YES;
				INFOPLIST_FILE = "client-tvOS/Info.plist";
				LD_RUNPATH_SEARCH_PATHS = "$(inherited) @executable_path/Frameworks";
				OTHER_LDFLAGS = (
					"$(inherited)",
					"-ObjC",
					"-lc++",
				);
				PRODUCT_BUNDLE_IDENTIFIER = "org.reactjs.native.example.client-tvOS";
				PRODUCT_NAME = "$(TARGET_NAME)";
				SDKROOT = appletvos;
				TARGETED_DEVICE_FAMILY = 3;
				TVOS_DEPLOYMENT_TARGET = 10.0;
			};
			name = Release;
		};
		2D02E4991E0B4A5E006451C7 /* Debug */ = {
			isa = XCBuildConfiguration;
			baseConfigurationReference = 2A093D524ECB9E53455746E7 /* Pods-client-tvOSTests.debug.xcconfig */;
			buildSettings = {
				BUNDLE_LOADER = "$(TEST_HOST)";
				CLANG_ANALYZER_NONNULL = YES;
				CLANG_WARN_DOCUMENTATION_COMMENTS = YES;
				CLANG_WARN_INFINITE_RECURSION = YES;
				CLANG_WARN_SUSPICIOUS_MOVE = YES;
				DEBUG_INFORMATION_FORMAT = dwarf;
				ENABLE_TESTABILITY = YES;
				GCC_NO_COMMON_BLOCKS = YES;
				INFOPLIST_FILE = "client-tvOSTests/Info.plist";
				LD_RUNPATH_SEARCH_PATHS = "$(inherited) @executable_path/Frameworks @loader_path/Frameworks";
				OTHER_LDFLAGS = (
					"$(inherited)",
					"-ObjC",
					"-lc++",
				);
				PRODUCT_BUNDLE_IDENTIFIER = "org.reactjs.native.example.client-tvOSTests";
				PRODUCT_NAME = "$(TARGET_NAME)";
				SDKROOT = appletvos;
				TEST_HOST = "$(BUILT_PRODUCTS_DIR)/client-tvOS.app/client-tvOS";
				TVOS_DEPLOYMENT_TARGET = 10.1;
			};
			name = Debug;
		};
		2D02E49A1E0B4A5E006451C7 /* Release */ = {
			isa = XCBuildConfiguration;
			baseConfigurationReference = A2C01CE9B1ED75986181605D /* Pods-client-tvOSTests.release.xcconfig */;
			buildSettings = {
				BUNDLE_LOADER = "$(TEST_HOST)";
				CLANG_ANALYZER_NONNULL = YES;
				CLANG_WARN_DOCUMENTATION_COMMENTS = YES;
				CLANG_WARN_INFINITE_RECURSION = YES;
				CLANG_WARN_SUSPICIOUS_MOVE = YES;
				COPY_PHASE_STRIP = NO;
				DEBUG_INFORMATION_FORMAT = "dwarf-with-dsym";
				GCC_NO_COMMON_BLOCKS = YES;
				INFOPLIST_FILE = "client-tvOSTests/Info.plist";
				LD_RUNPATH_SEARCH_PATHS = "$(inherited) @executable_path/Frameworks @loader_path/Frameworks";
				OTHER_LDFLAGS = (
					"$(inherited)",
					"-ObjC",
					"-lc++",
				);
				PRODUCT_BUNDLE_IDENTIFIER = "org.reactjs.native.example.client-tvOSTests";
				PRODUCT_NAME = "$(TARGET_NAME)";
				SDKROOT = appletvos;
				TEST_HOST = "$(BUILT_PRODUCTS_DIR)/client-tvOS.app/client-tvOS";
				TVOS_DEPLOYMENT_TARGET = 10.1;
			};
			name = Release;
		};
		83CBBA201A601CBA00E9B192 /* Debug */ = {
			isa = XCBuildConfiguration;
			buildSettings = {
				ALWAYS_SEARCH_USER_PATHS = NO;
				CLANG_ANALYZER_LOCALIZABILITY_NONLOCALIZED = YES;
				CLANG_CXX_LANGUAGE_STANDARD = "gnu++0x";
				CLANG_CXX_LIBRARY = "libc++";
				CLANG_ENABLE_MODULES = YES;
				CLANG_ENABLE_OBJC_ARC = YES;
				CLANG_WARN_BLOCK_CAPTURE_AUTORELEASING = YES;
				CLANG_WARN_BOOL_CONVERSION = YES;
				CLANG_WARN_COMMA = YES;
				CLANG_WARN_CONSTANT_CONVERSION = YES;
				CLANG_WARN_DEPRECATED_OBJC_IMPLEMENTATIONS = YES;
				CLANG_WARN_DIRECT_OBJC_ISA_USAGE = YES_ERROR;
				CLANG_WARN_EMPTY_BODY = YES;
				CLANG_WARN_ENUM_CONVERSION = YES;
				CLANG_WARN_INFINITE_RECURSION = YES;
				CLANG_WARN_INT_CONVERSION = YES;
				CLANG_WARN_NON_LITERAL_NULL_CONVERSION = YES;
				CLANG_WARN_OBJC_IMPLICIT_RETAIN_SELF = YES;
				CLANG_WARN_OBJC_LITERAL_CONVERSION = YES;
				CLANG_WARN_OBJC_ROOT_CLASS = YES_ERROR;
				CLANG_WARN_RANGE_LOOP_ANALYSIS = YES;
				CLANG_WARN_STRICT_PROTOTYPES = YES;
				CLANG_WARN_SUSPICIOUS_MOVE = YES;
				CLANG_WARN_UNREACHABLE_CODE = YES;
				CLANG_WARN__DUPLICATE_METHOD_MATCH = YES;
				"CODE_SIGN_IDENTITY[sdk=iphoneos*]" = "iPhone Developer";
				COPY_PHASE_STRIP = NO;
				ENABLE_STRICT_OBJC_MSGSEND = YES;
				ENABLE_TESTABILITY = YES;
				GCC_C_LANGUAGE_STANDARD = gnu99;
				GCC_DYNAMIC_NO_PIC = NO;
				GCC_NO_COMMON_BLOCKS = YES;
				GCC_OPTIMIZATION_LEVEL = 0;
				GCC_PREPROCESSOR_DEFINITIONS = (
					"DEBUG=1",
					"$(inherited)",
				);
				GCC_SYMBOLS_PRIVATE_EXTERN = NO;
				GCC_WARN_64_TO_32_BIT_CONVERSION = YES;
				GCC_WARN_ABOUT_RETURN_TYPE = YES_ERROR;
				GCC_WARN_UNDECLARED_SELECTOR = YES;
				GCC_WARN_UNINITIALIZED_AUTOS = YES_AGGRESSIVE;
				GCC_WARN_UNUSED_FUNCTION = YES;
				GCC_WARN_UNUSED_VARIABLE = YES;
				IPHONEOS_DEPLOYMENT_TARGET = 10.0;
				LD_RUNPATH_SEARCH_PATHS = "/usr/lib/swift $(inherited)";
				LIBRARY_SEARCH_PATHS = (
					"\"$(TOOLCHAIN_DIR)/usr/lib/swift/$(PLATFORM_NAME)\"",
					"\"$(TOOLCHAIN_DIR)/usr/lib/swift-5.0/$(PLATFORM_NAME)\"",
					"\"$(inherited)\"",
				);
				MTL_ENABLE_DEBUG_INFO = YES;
				ONLY_ACTIVE_ARCH = YES;
				SDKROOT = iphoneos;
			};
			name = Debug;
		};
		83CBBA211A601CBA00E9B192 /* Release */ = {
			isa = XCBuildConfiguration;
			buildSettings = {
				ALWAYS_SEARCH_USER_PATHS = NO;
				CLANG_ANALYZER_LOCALIZABILITY_NONLOCALIZED = YES;
				CLANG_CXX_LANGUAGE_STANDARD = "gnu++0x";
				CLANG_CXX_LIBRARY = "libc++";
				CLANG_ENABLE_MODULES = YES;
				CLANG_ENABLE_OBJC_ARC = YES;
				CLANG_WARN_BLOCK_CAPTURE_AUTORELEASING = YES;
				CLANG_WARN_BOOL_CONVERSION = YES;
				CLANG_WARN_COMMA = YES;
				CLANG_WARN_CONSTANT_CONVERSION = YES;
				CLANG_WARN_DEPRECATED_OBJC_IMPLEMENTATIONS = YES;
				CLANG_WARN_DIRECT_OBJC_ISA_USAGE = YES_ERROR;
				CLANG_WARN_EMPTY_BODY = YES;
				CLANG_WARN_ENUM_CONVERSION = YES;
				CLANG_WARN_INFINITE_RECURSION = YES;
				CLANG_WARN_INT_CONVERSION = YES;
				CLANG_WARN_NON_LITERAL_NULL_CONVERSION = YES;
				CLANG_WARN_OBJC_IMPLICIT_RETAIN_SELF = YES;
				CLANG_WARN_OBJC_LITERAL_CONVERSION = YES;
				CLANG_WARN_OBJC_ROOT_CLASS = YES_ERROR;
				CLANG_WARN_RANGE_LOOP_ANALYSIS = YES;
				CLANG_WARN_STRICT_PROTOTYPES = YES;
				CLANG_WARN_SUSPICIOUS_MOVE = YES;
				CLANG_WARN_UNREACHABLE_CODE = YES;
				CLANG_WARN__DUPLICATE_METHOD_MATCH = YES;
				"CODE_SIGN_IDENTITY[sdk=iphoneos*]" = "iPhone Developer";
				COPY_PHASE_STRIP = YES;
				ENABLE_NS_ASSERTIONS = NO;
				ENABLE_STRICT_OBJC_MSGSEND = YES;
				GCC_C_LANGUAGE_STANDARD = gnu99;
				GCC_NO_COMMON_BLOCKS = YES;
				GCC_WARN_64_TO_32_BIT_CONVERSION = YES;
				GCC_WARN_ABOUT_RETURN_TYPE = YES_ERROR;
				GCC_WARN_UNDECLARED_SELECTOR = YES;
				GCC_WARN_UNINITIALIZED_AUTOS = YES_AGGRESSIVE;
				GCC_WARN_UNUSED_FUNCTION = YES;
				GCC_WARN_UNUSED_VARIABLE = YES;
				IPHONEOS_DEPLOYMENT_TARGET = 10.0;
				LD_RUNPATH_SEARCH_PATHS = "/usr/lib/swift $(inherited)";
				LIBRARY_SEARCH_PATHS = (
					"\"$(TOOLCHAIN_DIR)/usr/lib/swift/$(PLATFORM_NAME)\"",
					"\"$(TOOLCHAIN_DIR)/usr/lib/swift-5.0/$(PLATFORM_NAME)\"",
					"\"$(inherited)\"",
				);
				MTL_ENABLE_DEBUG_INFO = NO;
				SDKROOT = iphoneos;
				VALIDATE_PRODUCT = YES;
			};
			name = Release;
		};
/* End XCBuildConfiguration section */

/* Begin XCConfigurationList section */
		00E357021AD99517003FC87E /* Build configuration list for PBXNativeTarget "clientTests" */ = {
			isa = XCConfigurationList;
			buildConfigurations = (
				00E356F61AD99517003FC87E /* Debug */,
				00E356F71AD99517003FC87E /* Release */,
			);
			defaultConfigurationIsVisible = 0;
			defaultConfigurationName = Release;
		};
		13B07F931A680F5B00A75B9A /* Build configuration list for PBXNativeTarget "client" */ = {
			isa = XCConfigurationList;
			buildConfigurations = (
				13B07F941A680F5B00A75B9A /* Debug */,
				13B07F951A680F5B00A75B9A /* Release */,
			);
			defaultConfigurationIsVisible = 0;
			defaultConfigurationName = Release;
		};
		2D02E4BA1E0B4A5E006451C7 /* Build configuration list for PBXNativeTarget "client-tvOS" */ = {
			isa = XCConfigurationList;
			buildConfigurations = (
				2D02E4971E0B4A5E006451C7 /* Debug */,
				2D02E4981E0B4A5E006451C7 /* Release */,
			);
			defaultConfigurationIsVisible = 0;
			defaultConfigurationName = Release;
		};
		2D02E4BB1E0B4A5E006451C7 /* Build configuration list for PBXNativeTarget "client-tvOSTests" */ = {
			isa = XCConfigurationList;
			buildConfigurations = (
				2D02E4991E0B4A5E006451C7 /* Debug */,
				2D02E49A1E0B4A5E006451C7 /* Release */,
			);
			defaultConfigurationIsVisible = 0;
			defaultConfigurationName = Release;
		};
		83CBB9FA1A601CBA00E9B192 /* Build configuration list for PBXProject "client" */ = {
			isa = XCConfigurationList;
			buildConfigurations = (
				83CBBA201A601CBA00E9B192 /* Debug */,
				83CBBA211A601CBA00E9B192 /* Release */,
			);
			defaultConfigurationIsVisible = 0;
			defaultConfigurationName = Release;
		};
/* End XCConfigurationList section */
	};
	rootObject = 83CBB9F71A601CBA00E9B192 /* Project object */;
}
